
Microsoft Visual Studio Solution File, Format Version 12.00
# Visual Studio Version 17
VisualStudioVersion = 17.5.002.0
MinimumVisualStudioVersion = 10.0.40219.1
Project("{9A19103F-16F7-4668-BE54-9A1E7A4F7556}") = "It_Server", "It_Server.csproj", "{FB65C108-7A1B-4F55-97E8-1E4D6835EC8A}"
EndProject
Global
	GlobalSection(SolutionConfigurationPlatforms) = preSolution
		Debug|Any CPU = Debug|Any CPU
		Release|Any CPU = Release|Any CPU
	EndGlobalSection
	GlobalSection(ProjectConfigurationPlatforms) = postSolution
		{FB65C108-7A1B-4F55-97E8-1E4D6835EC8A}.Debug|Any CPU.ActiveCfg = Debug|Any CPU
		{FB65C108-7A1B-4F55-97E8-1E4D6835EC8A}.Debug|Any CPU.Build.0 = Debug|Any CPU
		{FB65C108-7A1B-4F55-97E8-1E4D6835EC8A}.Release|Any CPU.ActiveCfg = Release|Any CPU
		{FB65C108-7A1B-4F55-97E8-1E4D6835EC8A}.Release|Any CPU.Build.0 = Release|Any CPU
	EndGlobalSection
	GlobalSection(SolutionProperties) = preSolution
		HideSolutionNode = FALSE
	EndGlobalSection
	GlobalSection(ExtensibilityGlobals) = postSolution
		SolutionGuid = {6621EB85-2663-4A2A-9BBB-BD609D7426B4}
	EndGlobalSection
EndGlobal
